{
    "_readme": [
        "This file locks the dependencies of your project to a known state",
        "Read more about it at https://getcomposer.org/doc/01-basic-usage.md#installing-dependencies",
        "This file is @generated automatically"
    ],
    "content-hash": "793d598f84e165b773fee345db8e3b88",
    "packages": [
        {
            "name": "curl/curl",
            "version": "2.5.0",
            "source": {
                "type": "git",
                "url": "https://github.com/php-mod/curl.git",
                "reference": "c4f8799c471e43b7c782c77d5c6e178d0465e210"
            },
            "dist": {
                "type": "zip",
                "url": "https://api.github.com/repos/php-mod/curl/zipball/c4f8799c471e43b7c782c77d5c6e178d0465e210",
                "reference": "c4f8799c471e43b7c782c77d5c6e178d0465e210",
                "shasum": ""
            },
            "require": {
                "ext-curl": "*",
                "php": "^5.6 | ^7.0 | ^8.0"
            },
            "require-dev": {
                "yoast/phpunit-polyfills": "^0.2.0"
            },
            "type": "library",
            "autoload": {
                "psr-0": {
                    "Curl": "src/"
                }
            },
            "notification-url": "https://packagist.org/downloads/",
            "license": [
                "MIT"
            ],
            "authors": [
                {
                    "name": "php-curl-class",
                    "homepage": "https://github.com/php-curl-class"
                },
                {
                    "name": "Hassan Amouhzi",
                    "email": "hassan@anezi.net",
                    "homepage": "http://hassan.amouhzi.com"
                },
                {
                    "name": "user52",
                    "homepage": "https://github.com/user52"
                }
            ],
            "description": "cURL class for PHP",
            "homepage": "https://github.com/php-mod/curl",
            "keywords": [
                "curl",
                "dot"
            ],
            "support": {
                "issues": "https://github.com/php-mod/curl/issues",
                "source": "https://github.com/php-mod/curl/tree/2.5.0"
            },
            "time": "2022-12-14T13:27:59+00:00"
        },
        {
            "name": "privacyidea/privacyidea-php-client",
            "version": "v1.1.0",
            "source": {
                "type": "git",
                "url": "https://github.com/privacyidea/php-client.git",
                "reference": "0a2b099e501fc433985728c59bf6fbb5cca1209d"
            },
            "dist": {
                "type": "zip",
                "url": "https://api.github.com/repos/privacyidea/php-client/zipball/0a2b099e501fc433985728c59bf6fbb5cca1209d",
                "reference": "0a2b099e501fc433985728c59bf6fbb5cca1209d",
                "shasum": ""
            },
            "require": {
                "curl/curl": "*",
                "ext-curl": "*",
                "ext-json": "*",
                "php": ">=7.1"
            },
            "require-dev": {
                "internations/http-mock": "*",
                "phpunit/phpunit": "<=9.6.7"
            },
            "type": "library",
            "autoload": {
                "psr-4": {
                    "": "src"
                }
            },
            "notification-url": "https://packagist.org/downloads/",
            "license": [
                "AGPL-3.0-or-later"
            ],
            "authors": [
                {
                    "name": "Lukas Matusiewicz",
                    "email": "lukas.matusiewicz@netknights.it"
                }
            ],
            "description": "PHP Client to ease the use of the privacyIDEA API.",
            "support": {
                "issues": "https://github.com/privacyidea/php-client/issues",
                "source": "https://github.com/privacyidea/php-client/tree/v1.1.0"
            },
            "time": "2023-09-06T10:58:08+00:00"
        }
    ],
    "packages-dev": [],
    "aliases": [],
    "minimum-stability": "stable",
    "stability-flags": [],
    "prefer-stable": false,
    "prefer-lowest": false,
    "platform": {
        "php": ">=8.1"
    },
    "platform-dev": [],
    "plugin-api-version": "2.6.0"
}
